
Microsoft Visual Studio Solution File, Format Version 11.00
# Visual Studio 2010
Project("{8BC9CEB8-8B4A-11D0-8D11-00A0C91BC942}") = "qtobserver", "msvc\qtobserver\qtobserver.vcxproj", "{1507DFC6-011F-4FA3-A0DE-2E0C89885F63}"
EndProject
Project("{8BC9CEB8-8B4A-11D0-8D11-00A0C91BC942}") = "model", "msvc\model\model.vcxproj", "{9B784825-66F1-4DB3-A3F4-A13E67B2643B}"
EndProject
Project("{8BC9CEB8-8B4A-11D0-8D11-00A0C91BC942}") = "JobObserver", "msvc\jobobserver\jobobserver.vcxproj", "{70AD6BBC-2A98-4141-BA48-6527F82E3427}"
EndProject
Project("{2150E333-8FDC-42A3-9474-1A3956D46DE8}") = "Solution Items", "Solution Items", "{C4DE395F-8583-4950-844D-F6FF26862C10}"
	ProjectSection(SolutionItems) = preProject
		README.txt = README.txt
	EndProjectSection
EndProject
Project("{8BC9CEB8-8B4A-11D0-8D11-00A0C91BC942}") = "renderlist", "msvc\renderlist\renderlist.vcxproj", "{B0DEAA56-B73E-44D9-B7FE-4354AB4368C5}"
EndProject
Global
	GlobalSection(SolutionConfigurationPlatforms) = preSolution
		Debug|Win32 = Debug|Win32
		Release|Win32 = Release|Win32
	EndGlobalSection
	GlobalSection(ProjectConfigurationPlatforms) = postSolution
		{1507DFC6-011F-4FA3-A0DE-2E0C89885F63}.Debug|Win32.ActiveCfg = Debug|Win32
		{1507DFC6-011F-4FA3-A0DE-2E0C89885F63}.Debug|Win32.Build.0 = Debug|Win32
		{1507DFC6-011F-4FA3-A0DE-2E0C89885F63}.Release|Win32.ActiveCfg = Release|Win32
		{1507DFC6-011F-4FA3-A0DE-2E0C89885F63}.Release|Win32.Build.0 = Release|Win32
		{9B784825-66F1-4DB3-A3F4-A13E67B2643B}.Debug|Win32.ActiveCfg = Debug|Win32
		{9B784825-66F1-4DB3-A3F4-A13E67B2643B}.Debug|Win32.Build.0 = Debug|Win32
		{9B784825-66F1-4DB3-A3F4-A13E67B2643B}.Release|Win32.ActiveCfg = Release|Win32
		{9B784825-66F1-4DB3-A3F4-A13E67B2643B}.Release|Win32.Build.0 = Release|Win32
		{70AD6BBC-2A98-4141-BA48-6527F82E3427}.Debug|Win32.ActiveCfg = Debug|Win32
		{70AD6BBC-2A98-4141-BA48-6527F82E3427}.Debug|Win32.Build.0 = Debug|Win32
		{70AD6BBC-2A98-4141-BA48-6527F82E3427}.Release|Win32.ActiveCfg = Release|Win32
		{70AD6BBC-2A98-4141-BA48-6527F82E3427}.Release|Win32.Build.0 = Release|Win32
		{B0DEAA56-B73E-44D9-B7FE-4354AB4368C5}.Debug|Win32.ActiveCfg = Debug|Win32
		{B0DEAA56-B73E-44D9-B7FE-4354AB4368C5}.Debug|Win32.Build.0 = Debug|Win32
		{B0DEAA56-B73E-44D9-B7FE-4354AB4368C5}.Release|Win32.ActiveCfg = Release|Win32
		{B0DEAA56-B73E-44D9-B7FE-4354AB4368C5}.Release|Win32.Build.0 = Release|Win32
	EndGlobalSection
	GlobalSection(SolutionProperties) = preSolution
		HideSolutionNode = FALSE
	EndGlobalSection
	GlobalSection(ExtensibilityGlobals) = postSolution
		QtVersion = 4.8.0
	EndGlobalSection
EndGlobal
