<?xml version="1.0" encoding="utf-8"?>
<Project ToolsVersion="4.0" xmlns="http://schemas.microsoft.com/developer/msbuild/2003">
  <ItemGroup>
    <ClCompile Include="..\..\src\jobcontroller\ComputeJob.cpp">
      <Filter>src</Filter>
    </ClCompile>
    <ClCompile Include="..\..\src\jobcontroller\OpenGLJob.cpp">
      <Filter>src</Filter>
    </ClCompile>
    <ClCompile Include="..\..\src\jobcontroller\Job.cpp">
      <Filter>src</Filter>
    </ClCompile>
    <ClCompile Include="..\..\src\jobcontroller\Controller.cpp">
      <Filter>src</Filter>
    </ClCompile>
  </ItemGroup>
  <ItemGroup>
    <ClInclude Include="..\..\include\tinia\jobcontroller\ComputeJob.hpp">
      <Filter>include</Filter>
    </ClInclude>
    <ClInclude Include="..\..\include\tinia\jobcontroller\Job.hpp">
      <Filter>include</Filter>
    </ClInclude>
    <ClInclude Include="..\..\include\tinia\jobcontroller\Controller.hpp">
      <Filter>include</Filter>
    </ClInclude>
    <ClInclude Include="..\..\include\tinia\jobcontroller\OpenGLJob.hpp">
      <Filter>include</Filter>
    </ClInclude>
  </ItemGroup>
  <ItemGroup>
    <Filter Include="include">
      <UniqueIdentifier>{e8d10bd4-8b5b-4c14-a745-7172def17fed}</UniqueIdentifier>
    </Filter>
    <Filter Include="src">
      <UniqueIdentifier>{ca09169a-4891-4f0e-b621-f3279fbf7e22}</UniqueIdentifier>
    </Filter>
  </ItemGroup>
</Project>