<?xml version="1.0" encoding="utf-8"?>
<Project ToolsVersion="4.0" xmlns="http://schemas.microsoft.com/developer/msbuild/2003">
  <ItemGroup>
    <ClCompile Include="..\..\src\renderlist\Buffer.cpp">
      <Filter>src</Filter>
    </ClCompile>
    <ClCompile Include="..\..\src\renderlistgl\Utils.cpp">
      <Filter>src</Filter>
    </ClCompile>
    <ClCompile Include="..\..\src\renderlist\DataBase.cpp">
      <Filter>src</Filter>
    </ClCompile>
    <ClCompile Include="..\..\src\renderlistgl\RenderBuffer.cpp">
      <Filter>src</Filter>
    </ClCompile>
    <ClCompile Include="..\..\src\renderlistgl\RenderDraw.cpp">
      <Filter>src</Filter>
    </ClCompile>
    <ClCompile Include="..\..\src\renderlistgl\Renderer.cpp">
      <Filter>src</Filter>
    </ClCompile>
    <ClCompile Include="..\..\src\renderlist\RenderList.cpp">
      <Filter>src</Filter>
    </ClCompile>
    <ClCompile Include="..\..\src\renderlistgl\RenderSetInputs.cpp">
      <Filter>src</Filter>
    </ClCompile>
    <ClCompile Include="..\..\src\renderlistgl\RenderSetShader.cpp">
      <Filter>src</Filter>
    </ClCompile>
    <ClCompile Include="..\..\src\renderlistgl\RenderSetUniforms.cpp">
      <Filter>src</Filter>
    </ClCompile>
    <ClCompile Include="..\..\src\renderlistgl\RenderShader.cpp">
      <Filter>src</Filter>
    </ClCompile>
    <ClCompile Include="..\..\src\renderlistgl\RenderState.cpp">
      <Filter>src</Filter>
    </ClCompile>
    <ClCompile Include="..\..\src\renderlist\SetUniforms.cpp">
      <Filter>src</Filter>
    </ClCompile>
  </ItemGroup>
  <ItemGroup>
    <ClInclude Include="..\..\include\tinia\renderlist\Action.hpp">
      <Filter>include</Filter>
    </ClInclude>
    <ClInclude Include="..\..\include\tinia\renderlist\Buffer.hpp">
      <Filter>include</Filter>
    </ClInclude>
    <ClInclude Include="..\..\include\tinia\renderlist\DataBase.hpp">
      <Filter>include</Filter>
    </ClInclude>
    <ClInclude Include="..\..\include\tinia\renderlist\Draw.hpp">
      <Filter>include</Filter>
    </ClInclude>
    <ClInclude Include="..\..\include\tinia\renderlist\Image.hpp">
      <Filter>include</Filter>
    </ClInclude>
    <ClInclude Include="..\..\include\tinia\renderlist\Item.hpp">
      <Filter>include</Filter>
    </ClInclude>
    <ClInclude Include="..\..\include\tinia\renderlist\Logger.hpp">
      <Filter>include</Filter>
    </ClInclude>
    <ClInclude Include="..\..\include\tinia\renderlist\gl\RenderBuffer.hpp">
      <Filter>include</Filter>
    </ClInclude>
    <ClInclude Include="..\..\include\tinia\renderlist\gl\RenderDraw.hpp">
      <Filter>include</Filter>
    </ClInclude>
    <ClInclude Include="..\..\include\tinia\renderlist\gl\Renderer.hpp">
      <Filter>include</Filter>
    </ClInclude>
    <ClInclude Include="..\..\include\tinia\renderlist\RenderList.hpp">
      <Filter>include</Filter>
    </ClInclude>
    <ClInclude Include="..\..\include\tinia\renderlist\gl\RenderSetInputs.hpp">
      <Filter>include</Filter>
    </ClInclude>
    <ClInclude Include="..\..\include\tinia\renderlist\gl\RenderSetLocalCoordSys.hpp">
      <Filter>include</Filter>
    </ClInclude>
    <ClInclude Include="..\..\include\tinia\renderlist\gl\RenderSetShader.hpp">
      <Filter>include</Filter>
    </ClInclude>
    <ClInclude Include="..\..\include\tinia\renderlist\gl\RenderSetUniforms.hpp">
      <Filter>include</Filter>
    </ClInclude>
    <ClInclude Include="..\..\include\tinia\renderlist\gl\RenderShader.hpp">
      <Filter>include</Filter>
    </ClInclude>
    <ClInclude Include="..\..\include\tinia\renderlist\gl\RenderState.hpp">
      <Filter>include</Filter>
    </ClInclude>
    <ClInclude Include="..\..\include\tinia\renderlist\SetFramebuffer.hpp">
      <Filter>include</Filter>
    </ClInclude>
    <ClInclude Include="..\..\include\tinia\renderlist\SetFramebufferState.hpp">
      <Filter>include</Filter>
    </ClInclude>
    <ClInclude Include="..\..\include\tinia\renderlist\SetInputs.hpp">
      <Filter>include</Filter>
    </ClInclude>
    <ClInclude Include="..\..\include\tinia\renderlist\SetLight.hpp">
      <Filter>include</Filter>
    </ClInclude>
    <ClInclude Include="..\..\include\tinia\renderlist\SetLocalCoordSys.hpp">
      <Filter>include</Filter>
    </ClInclude>
    <ClInclude Include="..\..\include\tinia\renderlist\SetPixelState.hpp">
      <Filter>include</Filter>
    </ClInclude>
    <ClInclude Include="..\..\include\tinia\renderlist\SetRasterState.hpp">
      <Filter>include</Filter>
    </ClInclude>
    <ClInclude Include="..\..\include\tinia\renderlist\SetShader.hpp">
      <Filter>include</Filter>
    </ClInclude>
    <ClInclude Include="..\..\include\tinia\renderlist\SetUniforms.hpp">
      <Filter>include</Filter>
    </ClInclude>
    <ClInclude Include="..\..\include\tinia\renderlist\SetViewCoordSys.hpp">
      <Filter>include</Filter>
    </ClInclude>
    <ClInclude Include="..\..\include\tinia\renderlist\Shader.hpp">
      <Filter>include</Filter>
    </ClInclude>
    <ClInclude Include="..\..\src\renderlistgl\Utils.hpp">
      <Filter>include</Filter>
    </ClInclude>
    <ClInclude Include="..\..\include\tinia\renderlist\XMLWriter.hpp">
      <Filter>include</Filter>
    </ClInclude>
  </ItemGroup>
  <ItemGroup>
    <Filter Include="include">
      <UniqueIdentifier>{2fc1e87b-2421-4882-98f6-a35bb367496c}</UniqueIdentifier>
    </Filter>
    <Filter Include="src">
      <UniqueIdentifier>{43933db1-fc1f-4f50-b92f-e38b0d6d53c8}</UniqueIdentifier>
    </Filter>
  </ItemGroup>
</Project>