<?xml version="1.0" encoding="utf-8"?>
<Project ToolsVersion="4.0" xmlns="http://schemas.microsoft.com/developer/msbuild/2003">
  <ItemGroup>
    <ClCompile Include="..\..\src\policy\ElementData.cpp">
      <Filter>src</Filter>
    </ClCompile>
    <ClCompile Include="..\..\src\policy\utils.cpp">
      <Filter>src</Filter>
    </ClCompile>
    <ClCompile Include="..\..\src\policy\File.cpp">
      <Filter>src</Filter>
    </ClCompile>
    <ClCompile Include="..\..\src\policy\Policy.cpp">
      <Filter>src</Filter>
    </ClCompile>
    <ClCompile Include="..\..\src\policy\PolicyLock.cpp">
      <Filter>src</Filter>
    </ClCompile>
    <ClCompile Include="..\..\src\policy\StateElement.cpp">
      <Filter>src</Filter>
    </ClCompile>
    <ClCompile Include="..\..\src\policy\StateListener.cpp">
      <Filter>src</Filter>
    </ClCompile>
    <ClCompile Include="..\..\src\policy\StateListenerHandler.cpp">
      <Filter>src</Filter>
    </ClCompile>
    <ClCompile Include="..\..\src\policy\StateSchemaElement.cpp">
      <Filter>src</Filter>
    </ClCompile>
    <ClCompile Include="..\..\src\policy\StateSchemaListener.cpp">
      <Filter>src</Filter>
    </ClCompile>
    <ClCompile Include="..\..\src\policy\StateSchemaListenerHandler.cpp">
      <Filter>src</Filter>
    </ClCompile>
  </ItemGroup>
  <ItemGroup>
    <ClInclude Include="..\..\include\tinia\policy\ElementData.hpp">
      <Filter>include</Filter>
    </ClInclude>
    <ClInclude Include="..\..\include\tinia\policy\ElementDataFactory.hpp">
      <Filter>include</Filter>
    </ClInclude>
    <ClInclude Include="..\..\include\tinia\policy\File.hpp">
      <Filter>include</Filter>
    </ClInclude>
    <ClInclude Include="..\..\include\tinia\policy\GUIElement.hpp">
      <Filter>include</Filter>
    </ClInclude>
    <ClInclude Include="..\..\include\tinia\policy\GUILayoutListenerHandler.hpp">
      <Filter>include</Filter>
    </ClInclude>
    <ClInclude Include="..\..\include\tinia\policy\GUILayoutListener.hpp">
      <Filter>include</Filter>
    </ClInclude>
    <ClInclude Include="..\..\include\tinia\policy\Policy.hpp">
      <Filter>include</Filter>
    </ClInclude>
    <ClInclude Include="..\..\include\tinia\policy\PolicyLock.hpp">
      <Filter>include</Filter>
    </ClInclude>
    <ClInclude Include="..\..\include\tinia\policy\StateElement.hpp">
      <Filter>include</Filter>
    </ClInclude>
    <ClInclude Include="..\..\include\tinia\policy\StateListener.hpp">
      <Filter>include</Filter>
    </ClInclude>
    <ClInclude Include="..\..\include\tinia\policy\StateListenerHandler.hpp">
      <Filter>include</Filter>
    </ClInclude>
    <ClInclude Include="..\..\include\tinia\policy\StateSchemaElement.hpp">
      <Filter>include</Filter>
    </ClInclude>
    <ClInclude Include="..\..\include\tinia\policy\StateSchemaListener.hpp">
      <Filter>include</Filter>
    </ClInclude>
    <ClInclude Include="..\..\include\tinia\policy\StateSchemaListenerHandler.hpp">
      <Filter>include</Filter>
    </ClInclude>
    <ClInclude Include="..\..\include\tinia\policy\TypeToXSDType.hpp">
      <Filter>include</Filter>
    </ClInclude>
    <ClInclude Include="..\..\include\tinia\policy\utils.hpp">
      <Filter>include</Filter>
    </ClInclude>
    <ClInclude Include="..\..\include\tinia\policy\Viewer.hpp">
      <Filter>include</Filter>
    </ClInclude>
  </ItemGroup>
  <ItemGroup>
    <Filter Include="include">
      <UniqueIdentifier>{ff664ce7-691b-4231-a023-6bc7b754c0bd}</UniqueIdentifier>
    </Filter>
    <Filter Include="src">
      <UniqueIdentifier>{f3c27742-c4dc-423b-a926-cbd5c48f18ba}</UniqueIdentifier>
    </Filter>
  </ItemGroup>
</Project>