<?xml version="1.0" encoding="utf-8"?>
<Project ToolsVersion="4.0" xmlns="http://schemas.microsoft.com/developer/msbuild/2003">
  <ItemGroup>
    <ClCompile Include="..\..\src\model\ElementData.cpp">
      <Filter>src</Filter>
    </ClCompile>
    <ClCompile Include="..\..\src\model\utils.cpp">
      <Filter>src</Filter>
    </ClCompile>
    <ClCompile Include="..\..\src\model\File.cpp">
      <Filter>src</Filter>
    </ClCompile>
    <ClCompile Include="..\..\src\model\ExposedModel.cpp">
      <Filter>src</Filter>
    </ClCompile>
    <ClCompile Include="..\..\src\model\ExposedModelLock.cpp">
      <Filter>src</Filter>
    </ClCompile>
    <ClCompile Include="..\..\src\model\StateElement.cpp">
      <Filter>src</Filter>
    </ClCompile>
    <ClCompile Include="..\..\src\model\StateListener.cpp">
      <Filter>src</Filter>
    </ClCompile>
    <ClCompile Include="..\..\src\model\StateListenerHandler.cpp">
      <Filter>src</Filter>
    </ClCompile>
    <ClCompile Include="..\..\src\model\StateSchemaElement.cpp">
      <Filter>src</Filter>
    </ClCompile>
    <ClCompile Include="..\..\src\model\StateSchemaListener.cpp">
      <Filter>src</Filter>
    </ClCompile>
    <ClCompile Include="..\..\src\model\StateSchemaListenerHandler.cpp">
      <Filter>src</Filter>
    </ClCompile>
  </ItemGroup>
  <ItemGroup>
    <ClInclude Include="..\..\include\tinia\model\ElementData.hpp">
      <Filter>include</Filter>
    </ClInclude>
    <ClInclude Include="..\..\include\tinia\model\ElementDataFactory.hpp">
      <Filter>include</Filter>
    </ClInclude>
    <ClInclude Include="..\..\include\tinia\model\File.hpp">
      <Filter>include</Filter>
    </ClInclude>
    <ClInclude Include="..\..\include\tinia\model\GUIElement.hpp">
      <Filter>include</Filter>
    </ClInclude>
    <ClInclude Include="..\..\include\tinia\model\GUILayoutListenerHandler.hpp">
      <Filter>include</Filter>
    </ClInclude>
    <ClInclude Include="..\..\include\tinia\model\GUILayoutListener.hpp">
      <Filter>include</Filter>
    </ClInclude>
    <ClInclude Include="..\..\include\tinia\model\ExposedModel.hpp">
      <Filter>include</Filter>
    </ClInclude>
    <ClInclude Include="..\..\include\tinia\model\ExposedModelLock.hpp">
      <Filter>include</Filter>
    </ClInclude>
    <ClInclude Include="..\..\include\tinia\model\StateElement.hpp">
      <Filter>include</Filter>
    </ClInclude>
    <ClInclude Include="..\..\include\tinia\model\StateListener.hpp">
      <Filter>include</Filter>
    </ClInclude>
    <ClInclude Include="..\..\include\tinia\model\StateListenerHandler.hpp">
      <Filter>include</Filter>
    </ClInclude>
    <ClInclude Include="..\..\include\tinia\model\StateSchemaElement.hpp">
      <Filter>include</Filter>
    </ClInclude>
    <ClInclude Include="..\..\include\tinia\model\StateSchemaListener.hpp">
      <Filter>include</Filter>
    </ClInclude>
    <ClInclude Include="..\..\include\tinia\model\StateSchemaListenerHandler.hpp">
      <Filter>include</Filter>
    </ClInclude>
    <ClInclude Include="..\..\include\tinia\model\TypeToXSDType.hpp">
      <Filter>include</Filter>
    </ClInclude>
    <ClInclude Include="..\..\include\tinia\model\utils.hpp">
      <Filter>include</Filter>
    </ClInclude>
    <ClInclude Include="..\..\include\tinia\model\Viewer.hpp">
      <Filter>include</Filter>
    </ClInclude>
  </ItemGroup>
  <ItemGroup>
    <Filter Include="include">
      <UniqueIdentifier>{ff664ce7-691b-4231-a023-6bc7b754c0bd}</UniqueIdentifier>
    </Filter>
    <Filter Include="src">
      <UniqueIdentifier>{f3c27742-c4dc-423b-a926-cbd5c48f18ba}</UniqueIdentifier>
    </Filter>
  </ItemGroup>
</Project>